
Microsoft Visual Studio Solution File, Format Version 12.00
# Visual Studio Version 16
VisualStudioVersion = 16.0.30907.101
MinimumVisualStudioVersion = 10.0.40219.1
Project("{FAE04EC0-301F-11D3-BF4B-00C04F79EFBC}") = "AzureTestWebApi", "AzureTestWebApi\AzureTestWebApi.csproj", "{8939CF29-156F-4719-9D53-36D71F1BB51F}"
EndProject
Global
	GlobalSection(SolutionConfigurationPlatforms) = preSolution
		Debug|Any CPU = Debug|Any CPU
		Release|Any CPU = Release|Any CPU
	EndGlobalSection
	GlobalSection(ProjectConfigurationPlatforms) = postSolution
		{8939CF29-156F-4719-9D53-36D71F1BB51F}.Debug|Any CPU.ActiveCfg = Debug|Any CPU
		{8939CF29-156F-4719-9D53-36D71F1BB51F}.Debug|Any CPU.Build.0 = Debug|Any CPU
		{8939CF29-156F-4719-9D53-36D71F1BB51F}.Release|Any CPU.ActiveCfg = Release|Any CPU
		{8939CF29-156F-4719-9D53-36D71F1BB51F}.Release|Any CPU.Build.0 = Release|Any CPU
	EndGlobalSection
	GlobalSection(SolutionProperties) = preSolution
		HideSolutionNode = FALSE
	EndGlobalSection
	GlobalSection(ExtensibilityGlobals) = postSolution
		SolutionGuid = {BFEBCA18-8F0A-4C88-9DAB-CD56F51E798E}
	EndGlobalSection
EndGlobal
